{
  "version": 4,
  "terraform_version": "0.14.7",
  "serial": 5,
  "lineage": "0b77747e-ab77-0a8f-f96e-cda4d9c509dd",
  "outputs": {
    "files": {
      "value": {
        "content": "This is the sample file for module and creates a file with file name module3.txt!!",
        "content_base64": null,
        "directory_permission": "0777",
        "file_permission": "0777",
        "filename": "./outputs/module3.txt",
        "id": "06f6a75a256a0dfc7e34e854066752874c04dbd0",
        "sensitive_content": null,
        "source": null
      },
      "type": [
        "object",
        {
          "content": "string",
          "content_base64": "string",
          "directory_permission": "string",
          "file_permission": "string",
          "filename": "string",
          "id": "string",
          "sensitive_content": "string",
          "source": "string"
        }
      ]
    }
  },
  "resources": [
    {
      "module": "module.sample_module",
      "mode": "managed",
      "type": "local_file",
      "name": "filename",
      "provider": "provider[\"registry.terraform.io/hashicorp/local\"]",
      "instances": [
        {
          "schema_version": 0,
          "attributes": {
            "content": "This is the sample file for module and creates a file with file name module3.txt!!",
            "content_base64": null,
            "directory_permission": "0777",
            "file_permission": "0777",
            "filename": "./outputs/module3.txt",
            "id": "06f6a75a256a0dfc7e34e854066752874c04dbd0",
            "sensitive_content": null,
            "source": null
          },
          "sensitive_attributes": [],
          "private": "bnVsbA=="
        }
      ]
    }
  ]
}
