{
  "version": 4,
  "terraform_version": "0.14.7",
  "serial": 1,
  "lineage": "0b77747e-ab77-0a8f-f96e-cda4d9c509dd",
  "outputs": {},
  "resources": [
    {
      "module": "module.sample_module",
      "mode": "managed",
      "type": "local_file",
      "name": "filename",
      "provider": "provider[\"registry.terraform.io/hashicorp/local\"]",
      "instances": [
        {
          "schema_version": 0,
          "attributes": {
            "content": "This is the sample file for modules!!",
            "content_base64": null,
            "directory_permission": "0777",
            "file_permission": "0777",
            "filename": "./outputs/module3.txt",
            "id": "284033752a360c0a0c8db50482e4fe0d44b12da4",
            "sensitive_content": null,
            "source": null
          },
          "sensitive_attributes": [],
          "private": "bnVsbA=="
        }
      ]
    }
  ]
}
